
Microsoft Visual Studio Solution File, Format Version 12.00
# Visual Studio 15
VisualStudioVersion = 15.0.28307.902
MinimumVisualStudioVersion = 10.0.40219.1
Project("{888888A0-9F3D-457C-B088-3A5042F75D52}") = "SecretHitler", "SecretHitler\SecretHitler.pyproj", "{3E13149C-1E52-47E1-9EA0-DF1D287476CF}"
EndProject
Global
	GlobalSection(SolutionConfigurationPlatforms) = preSolution
		Debug|Any CPU = Debug|Any CPU
		Release|Any CPU = Release|Any CPU
	EndGlobalSection
	GlobalSection(ProjectConfigurationPlatforms) = postSolution
		{3E13149C-1E52-47E1-9EA0-DF1D287476CF}.Debug|Any CPU.ActiveCfg = Debug|Any CPU
		{3E13149C-1E52-47E1-9EA0-DF1D287476CF}.Release|Any CPU.ActiveCfg = Release|Any CPU
	EndGlobalSection
	GlobalSection(SolutionProperties) = preSolution
		HideSolutionNode = FALSE
	EndGlobalSection
	GlobalSection(ExtensibilityGlobals) = postSolution
		SolutionGuid = {17216945-D978-4022-9437-383B19D5FB0B}
	EndGlobalSection
EndGlobal
